
Microsoft Visual Studio Solution File, Format Version 12.00
# Visual Studio Version 16
VisualStudioVersion = 16.0.30413.136
MinimumVisualStudioVersion = 10.0.40219.1
Project("{888888A0-9F3D-457C-B088-3A5042F75D52}") = "HelloPython", "HelloPython\HelloPython.pyproj", "{163E913A-A763-414B-AA53-5A4754214540}"
EndProject
Global
	GlobalSection(SolutionConfigurationPlatforms) = preSolution
		Debug|Any CPU = Debug|Any CPU
		Release|Any CPU = Release|Any CPU
	EndGlobalSection
	GlobalSection(ProjectConfigurationPlatforms) = postSolution
		{163E913A-A763-414B-AA53-5A4754214540}.Debug|Any CPU.ActiveCfg = Debug|Any CPU
		{163E913A-A763-414B-AA53-5A4754214540}.Debug|Any CPU.Build.0 = Debug|Any CPU
		{163E913A-A763-414B-AA53-5A4754214540}.Release|Any CPU.ActiveCfg = Release|Any CPU
		{163E913A-A763-414B-AA53-5A4754214540}.Release|Any CPU.Build.0 = Release|Any CPU
	EndGlobalSection
	GlobalSection(SolutionProperties) = preSolution
		HideSolutionNode = FALSE
	EndGlobalSection
	GlobalSection(ExtensibilityGlobals) = postSolution
		SolutionGuid = {3233D84F-5CE9-4587-B0C6-45F52F095A63}
	EndGlobalSection
EndGlobal
